
Microsoft Visual Studio Solution File, Format Version 12.00
# Visual Studio Version 17
VisualStudioVersion = 17.1.32421.90
MinimumVisualStudioVersion = 10.0.40219.1
Project("{2150E333-8FDC-42A3-9474-1A3956D46DE8}") = "FrameworkVersionsComparison", "FrameworkVersionsComparison", "{E8435C62-89CB-446D-A1B7-C25585661EE1}"
EndProject
Project("{FAE04EC0-301F-11D3-BF4B-00C04F79EFBC}") = "FrameworkApi", "FrameworkApi\FrameworkApi.csproj", "{61A25CFF-F0FB-42B0-8614-BC38F68396BB}"
EndProject
Global
	GlobalSection(SolutionConfigurationPlatforms) = preSolution
		Debug|Any CPU = Debug|Any CPU
		Release|Any CPU = Release|Any CPU
	EndGlobalSection
	GlobalSection(ProjectConfigurationPlatforms) = postSolution
		{61A25CFF-F0FB-42B0-8614-BC38F68396BB}.Debug|Any CPU.ActiveCfg = Debug|Any CPU
		{61A25CFF-F0FB-42B0-8614-BC38F68396BB}.Debug|Any CPU.Build.0 = Debug|Any CPU
		{61A25CFF-F0FB-42B0-8614-BC38F68396BB}.Release|Any CPU.ActiveCfg = Release|Any CPU
		{61A25CFF-F0FB-42B0-8614-BC38F68396BB}.Release|Any CPU.Build.0 = Release|Any CPU
	EndGlobalSection
	GlobalSection(SolutionProperties) = preSolution
		HideSolutionNode = FALSE
	EndGlobalSection
	GlobalSection(NestedProjects) = preSolution
		{61A25CFF-F0FB-42B0-8614-BC38F68396BB} = {E8435C62-89CB-446D-A1B7-C25585661EE1}
	EndGlobalSection
	GlobalSection(ExtensibilityGlobals) = postSolution
		SolutionGuid = {83EB3E68-DA05-4269-B585-FC49FE124614}
	EndGlobalSection
EndGlobal
